
Microsoft Visual Studio Solution File, Format Version 12.00
# Visual Studio 15
VisualStudioVersion = 15.0.28307.705
MinimumVisualStudioVersion = 10.0.40219.1
Project("{FAE04EC0-301F-11D3-BF4B-00C04F79EFBC}") = "TimeRecorder", "TimeRecorder\TimeRecorder\TimeRecorder.csproj", "{E137B815-D897-4A9E-A2E0-E0CB5C5722F8}"
EndProject
Project("{FAE04EC0-301F-11D3-BF4B-00C04F79EFBC}") = "DAL", "TimeRecorder\DAL\DAL.csproj", "{DFF9DBAA-422D-4275-A0E8-411B5EF314F8}"
EndProject
Global
	GlobalSection(SolutionConfigurationPlatforms) = preSolution
		Debug|Any CPU = Debug|Any CPU
		Release|Any CPU = Release|Any CPU
	EndGlobalSection
	GlobalSection(ProjectConfigurationPlatforms) = postSolution
		{E137B815-D897-4A9E-A2E0-E0CB5C5722F8}.Debug|Any CPU.ActiveCfg = Debug|Any CPU
		{E137B815-D897-4A9E-A2E0-E0CB5C5722F8}.Debug|Any CPU.Build.0 = Debug|Any CPU
		{E137B815-D897-4A9E-A2E0-E0CB5C5722F8}.Release|Any CPU.ActiveCfg = Release|Any CPU
		{E137B815-D897-4A9E-A2E0-E0CB5C5722F8}.Release|Any CPU.Build.0 = Release|Any CPU
		{DFF9DBAA-422D-4275-A0E8-411B5EF314F8}.Debug|Any CPU.ActiveCfg = Debug|Any CPU
		{DFF9DBAA-422D-4275-A0E8-411B5EF314F8}.Debug|Any CPU.Build.0 = Debug|Any CPU
		{DFF9DBAA-422D-4275-A0E8-411B5EF314F8}.Release|Any CPU.ActiveCfg = Release|Any CPU
		{DFF9DBAA-422D-4275-A0E8-411B5EF314F8}.Release|Any CPU.Build.0 = Release|Any CPU
	EndGlobalSection
	GlobalSection(SolutionProperties) = preSolution
		HideSolutionNode = FALSE
	EndGlobalSection
	GlobalSection(ExtensibilityGlobals) = postSolution
		SolutionGuid = {C4F9FCFE-A4CC-42D9-A3CC-2CEEFF6D2871}
	EndGlobalSection
EndGlobal
